{
  "version": "2",
  "remote": {
    "https://deno.land/std@0.152.0/bytes/equals.ts": "3c3558c3ae85526f84510aa2b48ab2ad7bdd899e2e0f5b7a8ffc85acb3a6043a",
    "https://deno.land/std@0.152.0/bytes/mod.ts": "763f97d33051cc3f28af1a688dfe2830841192a9fea0cbaa55f927b49d49d0bf",
    "https://deno.land/std@0.152.0/encoding/base64.ts": "c57868ca7fa2fbe919f57f88a623ad34e3d970d675bdc1ff3a9d02bba7409db2",
    "https://deno.land/std@0.152.0/encoding/base64url.ts": "a5f82a9fa703bd85a5eb8e7c1296bc6529e601ebd9642cc2b5eaa6b38fa9e05a",
    "https://deno.land/std@0.152.0/node/_buffer.d.ts": "90f674081428a61978b6d481c5f557ff743a3f4a85d7ae113caab48fdf5b8a63",
    "https://deno.land/std@0.152.0/node/_buffer.mjs": "4e3e6b0f0613300340705a99a1998c655ba22bf08644c49df21f4aaa44e951d0",
    "https://deno.land/std@0.152.0/node/buffer.ts": "0e4e409bc03754e99c3e9fbdd10ff50834fd5d6e8654f70efeff054afde58821",
    "https://deno.land/std@0.152.0/node/internal/buffer.mjs": "6662fe7fe517329453545be34cea27a24f8ccd6d09afd4f609f11ade2b6dfca7",
    "https://deno.land/std@0.152.0/node/internal/crypto/_keys.ts": "7f993ece8c8e94a292944518cf4173521c6bf01785e75be014cd45a9cc2e4ad5",
    "https://deno.land/std@0.152.0/node/internal/crypto/constants.ts": "d2c8821977aef55e4d66414d623c24a2447791a8b49b6404b8db32d81e20c315",
    "https://deno.land/std@0.152.0/node/internal/error_codes.ts": "ac03c4eae33de3a69d6c98e8678003207eecf75a6900eb847e3fea3c8c9e6d8f",
    "https://deno.land/std@0.152.0/node/internal/hide_stack_frames.ts": "a91962ec84610bc7ec86022c4593cdf688156a5910c07b5bcd71994225c13a03",
    "https://deno.land/std@0.152.0/node/internal/normalize_encoding.mjs": "3779ec8a7adf5d963b0224f9b85d1bc974a2ec2db0e858396b5d3c2c92138a0a",
    "https://deno.land/std@0.152.0/node/internal/util.mjs": "98b26aa4eb6ca70fe6c140eb296759cea54fe1b46a87a91288073dbc88d46eb0",
    "https://deno.land/std@0.152.0/node/internal/util/types.ts": "bc2d35582946525f6068b678bb798e2a10298fefeefd3cb9b85f6bdc9014da16",
    "https://deno.land/std@0.152.0/node/internal/validators.mjs": "a7e82eafb7deb85c332d5f8d9ffef052f46a42d4a121eada4a54232451acc49a",
    "https://deno.land/std@0.152.0/node/internal_binding/_node.ts": "e4075ba8a37aef4eb5b592c8e3807c39cb49ca8653faf8e01a43421938076c1b",
    "https://deno.land/std@0.152.0/node/internal_binding/_utils.ts": "1c50883b5751a9ea1b38951e62ed63bacfdc9d69ea665292edfa28e1b1c5bd94",
    "https://deno.land/std@0.152.0/node/internal_binding/buffer.ts": "781e1d13adc924864e6e37ecb5152e8a4e994cf394695136e451c47f00bda76c",
    "https://deno.land/std@0.152.0/node/internal_binding/string_decoder.ts": "5cb1863763d1e9b458bc21d6f976f16d9c18b3b3f57eaf0ade120aee38fba227",
    "https://deno.land/std@0.152.0/node/internal_binding/types.ts": "4c26fb74ba2e45de553c15014c916df6789529a93171e450d5afb016b4c765e7",
    "https://deno.land/std@0.154.0/_deno_unstable.ts": "4ddb8672d49d58b5bbc4a5a7a2f1b3bce4fd06aa4c8b8476728334391667de7b",
    "https://deno.land/std@0.154.0/async/abortable.ts": "87aa7230be8360c24ad437212311c9e8d4328854baec27b4c7abb26e85515c06",
    "https://deno.land/std@0.154.0/async/deadline.ts": "48ac998d7564969f3e6ec6b6f9bf0217ebd00239b1b2292feba61272d5dd58d0",
    "https://deno.land/std@0.154.0/async/debounce.ts": "de5433bff08a2bb61416fc53b3bd2d5867090c8a815465e5b4a10a77495b1051",
    "https://deno.land/std@0.154.0/async/deferred.ts": "c01de44b9192359cebd3fe93273fcebf9e95110bf3360023917da9a2d1489fae",
    "https://deno.land/std@0.154.0/async/delay.ts": "d5a169caede8e1c5d46b3f25eab97db5fd1ab193fc82a53bafd3642ac42ca3c7",
    "https://deno.land/std@0.154.0/async/mod.ts": "dd0a8ed4f3984ffabe2fcca7c9f466b7932d57b1864ffee148a5d5388316db6b",
    "https://deno.land/std@0.154.0/async/mux_async_iterator.ts": "3447b28a2a582224a3d4d3596bccbba6e85040da3b97ed64012f7decce98d093",
    "https://deno.land/std@0.154.0/async/pool.ts": "ef9eb97b388543acbf0ac32647121e4dbe629236899586c4d4311a8770fbb239",
    "https://deno.land/std@0.154.0/async/tee.ts": "d27680d911816fcb3d231e16d690e7588079e66a9b2e5ce8cc354db94fdce95f",
    "https://deno.land/std@0.154.0/http/server.ts": "e2e16f0b124ffef022ad04797d4250d6e4fc0d9579780999091949b17789dd1a",
    "https://deno.land/x/htm@0.0.10/mod.tsx": "59e6ccfb5c1742e0b4449e6df62115b9c8dbe732a826fa0aa089f46308519e35",
    "https://deno.land/x/htm@0.0.10/plugins.ts": "f0286e102fd5b04058c5887f1570ea465917c0f50431984e958af1782c03c38f",
    "https://esm.sh/@unocss/core@0.41.0": "b57dcc1fca729086e9aa2c685cf02d75e44956a34f91d7e88575eacd610c6ce5",
    "https://esm.sh/@unocss/preset-wind@0.41.0?bundle&no-check": "ac1c79c558d2b8b04a6f7e4f1d36e560f0b3567290a1fd707d89d2048ee414a8",
    "https://esm.sh/cheerio@1.0.0-rc.12": "11c108e968517305bfb84416b494ef32bec57c7c83c25ca1328f0c4ae14692a7",
    "https://esm.sh/domelementtype@2.3.0": "d0ff3360dde1b4f4544440fb330bbd422da696ade9400ef4306abe55b7eb655d",
    "https://esm.sh/preact-render-to-string@5.2.0?deps=preact@10.8.2": "72b4c520636cf421e19f875d46befac4aa21e659a1e02ad2b7f5b32fe264bd82",
    "https://esm.sh/preact@10.7.2": "d2442cd0bfdc57098480da7f69eb39703156c9cd258686ed64c2468bb6a04880",
    "https://esm.sh/preact@10.8.2": "c7bf29d87e9f50cbdcc1972ae9a955c2f790384a9d19b7009f9a295d8b6c6151",
    "https://esm.sh/stable/preact@10.7.2/deno/preact.js": "af8af6e2d9d9e04c9964d2418e013cdb78058a169d12dba4db11bb31ef40520e",
    "https://esm.sh/stable/preact@10.8.2/deno/preact.js": "031934aaff31a664c55e6ec201d5c0b03c3084fecd958b7e2eecc90a2402fa6e",
    "https://esm.sh/v92/@antfu/utils@0.5.2/index.d.ts": "b55dd2eb5ced2eec9fbac96be6fe8d5c30cb9fd875fd47f711882c7e3c2a857d",
    "https://esm.sh/v92/@unocss/core@0.41.0/deno/core.js": "3b807622effc35709c471a7799c34f350492959da148399f31fd9c707af70532",
    "https://esm.sh/v92/@unocss/core@0.41.0/dist/index.d.ts": "742b40b2afa12a87f00fe1178a2fb6414f5596af62b36e561a5fab9743fe466e",
    "https://esm.sh/v92/@unocss/preset-wind@0.41.0/deno/preset-wind.bundle.js": "4fc19c3459f1521b44475c895832b33bbb98ff5776849297ce621187322365fd",
    "https://esm.sh/v92/boolbase@1.0.0/deno/boolbase.js": "c2de9c6051e43e825cebf96303dccc8c84d84db898ee48f19cb64a52df887f31",
    "https://esm.sh/v92/cheerio-select@2.1.0/deno/cheerio-select.js": "2ae2dfd1f103d75db88e4c157020064f88266f4628279bcdf8fa966fad0cc31b",
    "https://esm.sh/v92/cheerio-select@2.1.0/lib/index.d.ts": "0ae0d9029e91c9051d4ca98dcfe0162c512f1901a16e326a752900ab24d09935",
    "https://esm.sh/v92/cheerio@1.0.0-rc.12/deno/cheerio.js": "9e905c2195f6de029231ae61c57ec915c0edc40f78c8799783b785b3328b97ca",
    "https://esm.sh/v92/cheerio@1.0.0-rc.12/deno/lib/utils.js": "8a0fea34b4aaf56611c53691b25012b99432d24c5435aca3438162083ba9d2e2",
    "https://esm.sh/v92/cheerio@1.0.0-rc.12/lib/api/attributes.d.ts": "09d7018b4b1bfc61d59153f687d8b0496506bb2d164644b278c0583b7558d63d",
    "https://esm.sh/v92/cheerio@1.0.0-rc.12/lib/api/css.d.ts": "056ae863c4a54a2b11a9865227a8e5e1dcc7cfc99fa8610b4111803046d211b5",
    "https://esm.sh/v92/cheerio@1.0.0-rc.12/lib/api/forms.d.ts": "7c6f878438c976442f20b5fa0bf2c6ed45260107cb32ec28715c9cddf148a11a",
    "https://esm.sh/v92/cheerio@1.0.0-rc.12/lib/api/manipulation.d.ts": "30fc652916f20cd2df81bfdc0050d6775cfd6cc460f66acfe0a28cbde427ac30",
    "https://esm.sh/v92/cheerio@1.0.0-rc.12/lib/api/traversing.d.ts": "f78db9196e55cfc19a6248165cd1498b1e6a98a0fbe18984411b29ef5f7d85d7",
    "https://esm.sh/v92/cheerio@1.0.0-rc.12/lib/cheerio.d.ts": "41ebe3d73b3bf5862ab3c86198c59f5543ad712d54b5956f5c205330f4d4502a",
    "https://esm.sh/v92/cheerio@1.0.0-rc.12/lib/index.d.ts": "8207b5f71a7b4e74bcaf8db17d015b6d503ac64191da4ed8fd80eb01bc697888",
    "https://esm.sh/v92/cheerio@1.0.0-rc.12/lib/load.d.ts": "8f4e75b7219b9d496347cb0747a6671bf6b8d1b13cff6b0d5edf46f08f3b2684",
    "https://esm.sh/v92/cheerio@1.0.0-rc.12/lib/options.d.ts": "4bc469f64d23e12be3265ae38ce019d45afa6aacf314cdced1b6b51d7cd5c821",
    "https://esm.sh/v92/cheerio@1.0.0-rc.12/lib/static.d.ts": "6fb2a829d9901479a825b7fe7322e9f83a07dca083a15e718d3e7c913f9f8024",
    "https://esm.sh/v92/cheerio@1.0.0-rc.12/lib/types.d.ts": "02750609908c3df5afb63f2df1a1660001fbf3eb3c9315beae6a2a64c573d0e6",
    "https://esm.sh/v92/css-select@5.1.0/deno/css-select.js": "f57a6b591ff16c4c934be933053a253308283397d58bb6bbaed6204afae1f1cc",
    "https://esm.sh/v92/css-select@5.1.0/lib/index.d.ts": "28e37a4fd5c0e39a44319a2f7003a74e25d746e1331498985bd2a436c23c4d08",
    "https://esm.sh/v92/css-select@5.1.0/lib/pseudo-selectors/aliases.d.ts": "22cfc60f2b8fcaf300f1bcc8f53b97bd9fbefd5da9f298979709ceaa04e26b45",
    "https://esm.sh/v92/css-select@5.1.0/lib/pseudo-selectors/filters.d.ts": "a16a447cc2feb1b687f577635d06eb13d4da54cd822c6a29497ff699b4fce7b8",
    "https://esm.sh/v92/css-select@5.1.0/lib/pseudo-selectors/index.d.ts": "ee9288312b842e51ab20294420e6afeb86d22bde4453e8fe9e31f62f92aa01d3",
    "https://esm.sh/v92/css-select@5.1.0/lib/pseudo-selectors/pseudos.d.ts": "ef894b3acd41d8f56c1439bd022c068d57913a319898a3aca4a779baee3183d1",
    "https://esm.sh/v92/css-select@5.1.0/lib/types.d.ts": "e743e621b8b81369b63bf6c5be7cd9eae0d024b2893df93cbd3717c19b73918c",
    "https://esm.sh/v92/css-what@6.1.0/deno/css-what.js": "b748f3252b086c97e0acf4dcb786fd65e786d9c269e095a6454bbc9cd64bcfe3",
    "https://esm.sh/v92/css-what@6.1.0/lib/es/index.d.ts": "dd85117592208130bfbcff4bf22b517783bcce8fc8521a5881783d33701e1f8a",
    "https://esm.sh/v92/css-what@6.1.0/lib/es/parse.d.ts": "0f32c1fca455670db2f6fac2b04e5a05b7b73ad2eae781d1fafb64d24dc65c64",
    "https://esm.sh/v92/css-what@6.1.0/lib/es/stringify.d.ts": "ff26d3761151ef55a86489fc64aea60dedbab92e37321a4c7e7fe91785535209",
    "https://esm.sh/v92/css-what@6.1.0/lib/es/types.d.ts": "65e53618d67a1da2db60d5a47ac408e642468faa6b179935d528b9d43a760177",
    "https://esm.sh/v92/dom-serializer@2.0.0/deno/dom-serializer.js": "f56307c41bef55112b65169c7ec48d57601a75ca773fb4274cef572a9b1cfe53",
    "https://esm.sh/v92/dom-serializer@2.0.0/lib/index.d.ts": "4e17b4a0e9a08758b87bb91600cdaf6ae95a44e45e42a12c75ea6ffe15e0c59c",
    "https://esm.sh/v92/domelementtype@2.3.0/deno/domelementtype.js": "2bbc5ada9929825ac019e137ffdb26fcf04e3eaccaf0e8d6786cd1b8bb8b8f63",
    "https://esm.sh/v92/domelementtype@2.3.0/lib/index.d.ts": "e307d69c2e131e39db6038b4bd51916c6cd787e01d730ad0c28c60491d0accf2",
    "https://esm.sh/v92/domhandler@5.0.3/deno/domhandler.js": "66da079826307dc50f7ad59b00d035659aab8c27880e2f5cc6a6ad7f74c4b23b",
    "https://esm.sh/v92/domhandler@5.0.3/lib/index.d.ts": "587a74d5be3d1ff7904170380e0a40e69ca29c3186e88c9f360462a920051348",
    "https://esm.sh/v92/domhandler@5.0.3/lib/node.d.ts": "d8df3295a81aa82d2acf22c3d5203acc3229aef8afac806987949571cffe3b6d",
    "https://esm.sh/v92/domutils@3.0.1/deno/domutils.js": "7a4f4d9866e870b672dc025a5a592fee6c251f8dbf63f3bd4142e2acc5b39ed3",
    "https://esm.sh/v92/domutils@3.0.1/lib/feeds.d.ts": "19c5f8faa045898d756c50fc06b92df9aeb9cf50d1b679ea562784e85a29e8e5",
    "https://esm.sh/v92/domutils@3.0.1/lib/helpers.d.ts": "9a9d3d442860f116da2a362e6f21f6d6b77c8d20ecea1a20f7c881012524fee6",
    "https://esm.sh/v92/domutils@3.0.1/lib/index.d.ts": "6d18e4f95a1876b70d02f06fbd7db263a381447a83e42e1160ba59125927342d",
    "https://esm.sh/v92/domutils@3.0.1/lib/legacy.d.ts": "cbfdf579a785b9e8e8702347d5c1852a6ec06d0e490a99abaa9d58e0c0fd175f",
    "https://esm.sh/v92/domutils@3.0.1/lib/manipulation.d.ts": "a4a30b8844e8a4612def18b4a48ebd4ead40f5c994e0e57470d6d35271845a11",
    "https://esm.sh/v92/domutils@3.0.1/lib/querying.d.ts": "4cf6a4d495a6b1ab37ccb422dd7a0facc3b9cf0f344bae002a405c24e5de7a5a",
    "https://esm.sh/v92/domutils@3.0.1/lib/stringify.d.ts": "ef7d6ff8d0c13862a47bbdff3cd68a89987868565eb129e396860065eabec4f2",
    "https://esm.sh/v92/domutils@3.0.1/lib/traversal.d.ts": "c47ebaaa9ba9bb1047d8b85e7478cb60f0fafde6ce4a7e3440120e8088ad21c3",
    "https://esm.sh/v92/entities@4.3.1/deno/entities.js": "9cf607e0dffbac804b4d97e5f9524d5e10f0e7a9c186c1ffdc7ede65bc0ebe02",
    "https://esm.sh/v92/entities@4.3.1/deno/lib/decode.js": "a9c579f693f54d8875be8cdc33c1ffb28e05c1747416ff0c3292e1cebaee9074",
    "https://esm.sh/v92/entities@4.3.1/deno/lib/escape.js": "b6f797ea936fa367cfe2735c4fe33f08fdd44f44c525521bf5963b55e6307ff8",
    "https://esm.sh/v92/htmlparser2@8.0.1/deno/htmlparser2.js": "833b2788d75c97f0b703a4a876b1828826556c1fcbd6d9d1d36590e202231c83",
    "https://esm.sh/v92/htmlparser2@8.0.1/lib/Parser.d.ts": "9055d451e782af8e471d588d05c3d9196a0f5c0f94c61c8f9dca34ba87ab1146",
    "https://esm.sh/v92/htmlparser2@8.0.1/lib/Tokenizer.d.ts": "41787f4904cb436cf92cba22f574829aeb7a527138e1dd228a2084e796c11bb8",
    "https://esm.sh/v92/htmlparser2@8.0.1/lib/index.d.ts": "ae4f1aef58d1456fea4076f8e58b3ff8e8fef17de373ac2e3317e05c91ade8e2",
    "https://esm.sh/v92/magic-string@0.26.2/index.d.ts": "88587fc66417cffb9b07fbd85807a6b6b539a83582f5dbf133b4bff6aac73d99",
    "https://esm.sh/v92/node.ns.d.ts": "0fb081f0cd2150931bd54baa04f31466abd9ca701fd9060d07931402cf8367ba",
    "https://esm.sh/v92/nth-check@2.1.1/deno/nth-check.js": "bee03a9368af9d1c6ff3e96d116655878e7d6cbe1c879e009e25c2e30ceb613e",
    "https://esm.sh/v92/parse5-htmlparser2-tree-adapter@7.0.0/deno/parse5-htmlparser2-tree-adapter.js": "1009b69cb4f2ae01416690c20216f2fba086a8e25b14bd27397401422acc54fa",
    "https://esm.sh/v92/parse5@7.0.0/deno/parse5.js": "28aeec2de2e582931cdf338211d8eea7259837226212507240c4006513fa4fc2",
    "https://esm.sh/v92/preact-render-to-string@5.2.0/X-ZC9wcmVhY3RAMTAuOC4y/deno/preact-render-to-string.js": "9da93b0010b1009ad3e08f3acf786bbcdbde5c0cf0388a69d1df2891d70f6523",
    "https://esm.sh/v92/preact-render-to-string@5.2.0/X-ZC9wcmVhY3RAMTAuOC4y/src/index.d.ts": "6575d174a745cf89f7f70e0870d940085a226a4d36b4651ac5f923757b421219",
    "https://esm.sh/v92/preact@10.7.2/src/index.d.ts": "d3e2e5125321d592d2458226f311de66411f2fa949e546cbaaefa533c4fb89e3",
    "https://esm.sh/v92/preact@10.7.2/src/jsx.d.ts": "34f373b3884220b13db52d54272a8c2f2c20e56d7c931523fc64bd6645240897",
    "https://esm.sh/v92/preact@10.8.2/src/index.d.ts": "d3e2e5125321d592d2458226f311de66411f2fa949e546cbaaefa533c4fb89e3",
    "https://esm.sh/v92/preact@10.8.2/src/jsx.d.ts": "c5d73e52438e7ce5f9333778aad2c38f5f45023c5035d0cc309badceb2ba2a55",
    "https://esm.sh/v92/unconfig@0.3.5/dist/index.d.ts": "61dffe86b6eaff232f42b1520a4dd7a648e73096fedb9792d8087eeacb5e5686",
    "https://esm.sh/v92/unconfig@0.3.5/dist/types-6886c41e.d.ts": "fc19a2d2e6542d8a0cb2a41ce9d656d668f210f60354855cc167a9573bf6c04c",
    "https://esm.sh/v99/domelementtype@2.3.0/deno/domelementtype.js": "2bbc5ada9929825ac019e137ffdb26fcf04e3eaccaf0e8d6786cd1b8bb8b8f63",
    "https://esm.sh/v99/domelementtype@2.3.0/lib/index.d.ts": "e307d69c2e131e39db6038b4bd51916c6cd787e01d730ad0c28c60491d0accf2"
  }
}
