{
  "version": "5",
  "specifiers": {
    "npm:@types/node@*": "22.15.15"
  },
  "npm": {
    "@types/node@22.15.15": {
      "integrity": "sha512-R5muMcZob3/Jjchn5LcO8jdKwSCbzqmPB6ruBxMcf9kbxtniZHP327s6C37iOfuw8mbKK3cAQa7sEl7afLrQ8A==",
      "dependencies": [
        "undici-types"
      ]
    },
    "undici-types@6.21.0": {
      "integrity": "sha512-iwDZqg0QAGrg9Rav5H4n0M64c3mkR59cJ6wQp+7C4nI0gsmExaedaYLNO44eT4AtBBwjbTiGPMlt2Md0T9H9JQ=="
    }
  },
  "remote": {
    "https://deno.land/x/htm@0.0.10/mod.tsx": "59e6ccfb5c1742e0b4449e6df62115b9c8dbe732a826fa0aa089f46308519e35",
    "https://deno.land/x/htm@0.0.10/plugins.ts": "f0286e102fd5b04058c5887f1570ea465917c0f50431984e958af1782c03c38f",
    "https://esm.sh/@unocss/core@0.41.0": "757c512ab810ad5d3073c0763218cec5d45c18a2bee16a1db6b659a5f791a070",
    "https://esm.sh/@unocss/core@0.41.0/denonext/core.mjs": "1d0f008c7005272654b6a30c068976ccac5bd428362eb8617fe2320c51162b89",
    "https://esm.sh/@unocss/preset-wind@0.41.0/denonext/preset-wind.bundle.mjs": "949e70b155810f41aeba4bc4c58630886b5837f26cfe6cd45f17d3f9ca3d634c",
    "https://esm.sh/@unocss/preset-wind@0.41.0?bundle&no-check": "3c4a32e053647b6595b5d671bc95a4157bac039e12a0af0cdd6c180abbadeee7",
    "https://esm.sh/load-tsconfig@0.2.5": "1bcccdfb8f2ffad5c164c4feef2704a62c5d13757eaa7143765d2a55f508ef75",
    "https://esm.sh/load-tsconfig@0.2.5/denonext/load-tsconfig.mjs": "1787395365585724ad09aac392850cebe889bcf5b03e535fe3dd1d5a5b68587a",
    "https://esm.sh/preact-render-to-string@5.2.0/X-ZHByZWFjdEAxMC44LjI/denonext/preact-render-to-string.mjs": "dc6d3a416e93f518eafa7651956757d24e63fe46b1cbc245e764a5aaafef2af3",
    "https://esm.sh/preact-render-to-string@5.2.0?deps=preact@10.8.2": "4ce3a5eb99aa39e818351852d9b9a1e1cb18bb4fc58b2fa1e8727a39595f6e03",
    "https://esm.sh/preact@10.7.2": "8a01ff3254de69e7eb9d0acb1d82e9f5c35bce9b638915021100ba50fef83b15",
    "https://esm.sh/preact@10.7.2/denonext/preact.mjs": "8577957f25e46ce36f52988db25745397692f0a3f1fc61404fc9d8d4bf330cf4",
    "https://esm.sh/preact@10.8.2": "5d87b7175fc8b007f696adc557e7fe857fffe20a0451b3fc8dcfdd4a5b462ab3",
    "https://esm.sh/preact@10.8.2/denonext/preact.mjs": "692cb3985b3fe9806afba4395e48f8179f86d9d92ceafe5cc1533343b91ee5c1",
    "https://esm.sh/v111/boolbase@1.0.0/denonext/boolbase.mjs": "4e3bd67e9b1c5c55094eae98345d0107c6a44ef57bd3d4b9579698fa44722280",
    "https://esm.sh/v111/cheerio-select@2.1.0/denonext/cheerio-select.mjs": "184a1e58a7691c8cd212689f85ac18b51e0b595915620fb2a1679deb09854463",
    "https://esm.sh/v111/cheerio@1.0.0-rc.12": "e30110c68f7825b1b72043a9ea606d693221d5d4805484dbbfadba4fa466cfe8",
    "https://esm.sh/v111/cheerio@1.0.0-rc.12/denonext/cheerio.mjs": "cceb927d5b7e1a633e2021ad24c787a83a7f943742f72a3171839b4befb88f1a",
    "https://esm.sh/v111/css-select@5.1.0/denonext/css-select.mjs": "5763705852b3b807677f2b45f362bcac0ba894efd5391456ba19b47a22935f4a",
    "https://esm.sh/v111/css-what@6.1.0/denonext/css-what.mjs": "283d02df6fef73d3223b55324b559b363dd0e4c008ea1efbcf9f14b8f2642202",
    "https://esm.sh/v111/dom-serializer@2.0.0/denonext/dom-serializer.mjs": "9dcf1a1bb964597eceb9d6e72163548aabd37c0713583831eae866a409073ecb",
    "https://esm.sh/v111/domelementtype@2.3.0": "ddc0e6e80ee086e430d3bdb143783e9a0540655f315162b972e37d2148943154",
    "https://esm.sh/v111/domelementtype@2.3.0/denonext/domelementtype.mjs": "371936c356d5ac797f2ce3a66b98dfc73e6fff0e095b2858b85668e6ad7d10e0",
    "https://esm.sh/v111/domhandler@5.0.3/denonext/domhandler.mjs": "8043928e2c74cf5cb7e2bc8071b8460979e7460428baf18c3d8762f8608b7212",
    "https://esm.sh/v111/domutils@3.1.0/denonext/domutils.mjs": "98ce51d28b5e5bdb07779e3bb7486ea43b4f5f690611ddb467b21d1901fb94cb",
    "https://esm.sh/v111/entities@4.5.0/denonext/entities.mjs": "e491f306bcd67703da07e7a4364656fc109d55cc871422c282ed7829b8bfbfab",
    "https://esm.sh/v111/entities@4.5.0/denonext/lib/decode.js": "7fea6d8bd725edbbf7ea05031d2ea1bbbc1166dc11e3345d541198dd2dc16f1e",
    "https://esm.sh/v111/entities@4.5.0/denonext/lib/escape.js": "7ebdc622bf3618bab25db40da4a49e2b9d03f044745f125f0bc3359f2d060def",
    "https://esm.sh/v111/htmlparser2@8.0.2/denonext/htmlparser2.mjs": "a8bc341393a7896e8e867423438f11af5c750f0799e17a2418d0c6006ecbe191",
    "https://esm.sh/v111/nth-check@2.1.1/denonext/nth-check.mjs": "2a8e9a9ca7e93b9aa003478cf12a55263d4ed165ed37a2b0fc9852f4af4c2be7",
    "https://esm.sh/v111/parse5-htmlparser2-tree-adapter@7.0.0/denonext/parse5-htmlparser2-tree-adapter.mjs": "08a5dbc3201b0f317d3b0ef4bb3345aa6335612dd9e6b1b0a9fe92946a3952a2",
    "https://esm.sh/v111/parse5@7.1.2/denonext/parse5.mjs": "3bf3798892b15b6aef107aef63c4cea83df349000b594327040837499b71cec1"
  }
}
